// !$*UTF8*$!
{
	archiveVersion = 1;
	classes = {
	};
	objectVersion = 50;
	objects = {

/* Begin PBXBuildFile section */
		4746089C23DE897C00320E5D /* PieChartItemDetail.swift in Sources */ = {isa = PBXBuildFile; fileRef = 4746089B23DE897C00320E5D /* PieChartItemDetail.swift */; };
		4746089E23DE8A6900320E5D /* PieChartItems.swift in Sources */ = {isa = PBXBuildFile; fileRef = 4746089D23DE8A6900320E5D /* PieChartItems.swift */; };
		47D0022123DD5AF1003A081E /* AppDelegate.swift in Sources */ = {isa = PBXBuildFile; fileRef = 47D0022023DD5AF1003A081E /* AppDelegate.swift */; };
		47D0022323DD5AF1003A081E /* SceneDelegate.swift in Sources */ = {isa = PBXBuildFile; fileRef = 47D0022223DD5AF1003A081E /* SceneDelegate.swift */; };
		47D0022523DD5AF1003A081E /* RatingsViewController.swift in Sources */ = {isa = PBXBuildFile; fileRef = 47D0022423DD5AF1003A081E /* RatingsViewController.swift */; };
		47D0022823DD5AF1003A081E /* Main.storyboard in Resources */ = {isa = PBXBuildFile; fileRef = 47D0022623DD5AF1003A081E /* Main.storyboard */; };
		47D0022A23DD5AF2003A081E /* Assets.xcassets in Resources */ = {isa = PBXBuildFile; fileRef = 47D0022923DD5AF2003A081E /* Assets.xcassets */; };
		47D0022D23DD5AF2003A081E /* LaunchScreen.storyboard in Resources */ = {isa = PBXBuildFile; fileRef = 47D0022B23DD5AF2003A081E /* LaunchScreen.storyboard */; };
		47D0023823DD5AF3003A081E /* RatingModuleTests.swift in Sources */ = {isa = PBXBuildFile; fileRef = 47D0023723DD5AF3003A081E /* RatingModuleTests.swift */; };
		47D0024323DD5AF3003A081E /* RatingModuleUITests.swift in Sources */ = {isa = PBXBuildFile; fileRef = 47D0024223DD5AF3003A081E /* RatingModuleUITests.swift */; };
		47D0025623DD6576003A081E /* RatingRespository.swift in Sources */ = {isa = PBXBuildFile; fileRef = 47D0025523DD6576003A081E /* RatingRespository.swift */; };
		47D0025823DD65B9003A081E /* DataManager.swift in Sources */ = {isa = PBXBuildFile; fileRef = 47D0025723DD65B9003A081E /* DataManager.swift */; };
		47D0025B23DD6615003A081E /* MockResponseCodable.swift in Sources */ = {isa = PBXBuildFile; fileRef = 47D0025A23DD6615003A081E /* MockResponseCodable.swift */; };
		47D0025D23DD6635003A081E /* AppConstant.swift in Sources */ = {isa = PBXBuildFile; fileRef = 47D0025C23DD6635003A081E /* AppConstant.swift */; };
		47D0026C23DD6BA0003A081E /* data.json in Resources */ = {isa = PBXBuildFile; fileRef = 47D0026B23DD6BA0003A081E /* data.json */; };
		47D0027023DD6E64003A081E /* DisplayRatingDetail.swift in Sources */ = {isa = PBXBuildFile; fileRef = 47D0026F23DD6E64003A081E /* DisplayRatingDetail.swift */; };
		47D0027A23DD6F68003A081E /* RatingsViewModel.swift in Sources */ = {isa = PBXBuildFile; fileRef = 47D0027923DD6F68003A081E /* RatingsViewModel.swift */; };
		47D0027C23DD6FBC003A081E /* RatingsResponse.swift in Sources */ = {isa = PBXBuildFile; fileRef = 47D0027B23DD6FBC003A081E /* RatingsResponse.swift */; };
		47D0027E23DD7203003A081E /* ResponseModel.swift in Sources */ = {isa = PBXBuildFile; fileRef = 47D0027D23DD7203003A081E /* ResponseModel.swift */; };
		47D0028023DD73DC003A081E /* DataModel.swift in Sources */ = {isa = PBXBuildFile; fileRef = 47D0027F23DD73DC003A081E /* DataModel.swift */; };
		47D0028223DD73EE003A081E /* AnalyticsModel.swift in Sources */ = {isa = PBXBuildFile; fileRef = 47D0028123DD73EE003A081E /* AnalyticsModel.swift */; };
		47D0028423DD7704003A081E /* Job.swift in Sources */ = {isa = PBXBuildFile; fileRef = 47D0028323DD7704003A081E /* Job.swift */; };
		47D0028623DD77B9003A081E /* JobItem.swift in Sources */ = {isa = PBXBuildFile; fileRef = 47D0028523DD77B9003A081E /* JobItem.swift */; };
		47D0028823DD7A3A003A081E /* AnalyticalRating.swift in Sources */ = {isa = PBXBuildFile; fileRef = 47D0028723DD7A3A003A081E /* AnalyticalRating.swift */; };
		47D0028A23DD7B30003A081E /* AnalyticalRatingItem.swift in Sources */ = {isa = PBXBuildFile; fileRef = 47D0028923DD7B30003A081E /* AnalyticalRatingItem.swift */; };
		47D0029123DD7EC5003A081E /* ChartsItemDetail.swift in Sources */ = {isa = PBXBuildFile; fileRef = 47D0029023DD7EC5003A081E /* ChartsItemDetail.swift */; };
		47D0029323DD7F3F003A081E /* Value.swift in Sources */ = {isa = PBXBuildFile; fileRef = 47D0029223DD7F3F003A081E /* Value.swift */; };
		47D0029523DD8065003A081E /* ChartItems.swift in Sources */ = {isa = PBXBuildFile; fileRef = 47D0029423DD8065003A081E /* ChartItems.swift */; };
/* End PBXBuildFile section */

/* Begin PBXContainerItemProxy section */
		47D0023423DD5AF3003A081E /* PBXContainerItemProxy */ = {
			isa = PBXContainerItemProxy;
			containerPortal = 47D0021523DD5AF0003A081E /* Project object */;
			proxyType = 1;
			remoteGlobalIDString = 47D0021C23DD5AF0003A081E;
			remoteInfo = RatingModule;
		};
		47D0023F23DD5AF3003A081E /* PBXContainerItemProxy */ = {
			isa = PBXContainerItemProxy;
			containerPortal = 47D0021523DD5AF0003A081E /* Project object */;
			proxyType = 1;
			remoteGlobalIDString = 47D0021C23DD5AF0003A081E;
			remoteInfo = RatingModule;
		};
/* End PBXContainerItemProxy section */

/* Begin PBXFileReference section */
		4746089B23DE897C00320E5D /* PieChartItemDetail.swift */ = {isa = PBXFileReference; lastKnownFileType = sourcecode.swift; path = PieChartItemDetail.swift; sourceTree = "<group>"; };
		4746089D23DE8A6900320E5D /* PieChartItems.swift */ = {isa = PBXFileReference; lastKnownFileType = sourcecode.swift; path = PieChartItems.swift; sourceTree = "<group>"; };
		47D0021D23DD5AF0003A081E /* RatingModule.app */ = {isa = PBXFileReference; explicitFileType = wrapper.application; includeInIndex = 0; path = RatingModule.app; sourceTree = BUILT_PRODUCTS_DIR; };
		47D0022023DD5AF1003A081E /* AppDelegate.swift */ = {isa = PBXFileReference; lastKnownFileType = sourcecode.swift; path = AppDelegate.swift; sourceTree = "<group>"; };
		47D0022223DD5AF1003A081E /* SceneDelegate.swift */ = {isa = PBXFileReference; lastKnownFileType = sourcecode.swift; path = SceneDelegate.swift; sourceTree = "<group>"; };
		47D0022423DD5AF1003A081E /* RatingsViewController.swift */ = {isa = PBXFileReference; lastKnownFileType = sourcecode.swift; path = RatingsViewController.swift; sourceTree = "<group>"; };
		47D0022723DD5AF1003A081E /* Base */ = {isa = PBXFileReference; lastKnownFileType = file.storyboard; name = Base; path = Base.lproj/Main.storyboard; sourceTree = "<group>"; };
		47D0022923DD5AF2003A081E /* Assets.xcassets */ = {isa = PBXFileReference; lastKnownFileType = folder.assetcatalog; path = Assets.xcassets; sourceTree = "<group>"; };
		47D0022C23DD5AF2003A081E /* Base */ = {isa = PBXFileReference; lastKnownFileType = file.storyboard; name = Base; path = Base.lproj/LaunchScreen.storyboard; sourceTree = "<group>"; };
		47D0022E23DD5AF2003A081E /* Info.plist */ = {isa = PBXFileReference; lastKnownFileType = text.plist.xml; path = Info.plist; sourceTree = "<group>"; };
		47D0023323DD5AF3003A081E /* RatingModuleTests.xctest */ = {isa = PBXFileReference; explicitFileType = wrapper.cfbundle; includeInIndex = 0; path = RatingModuleTests.xctest; sourceTree = BUILT_PRODUCTS_DIR; };
		47D0023723DD5AF3003A081E /* RatingModuleTests.swift */ = {isa = PBXFileReference; lastKnownFileType = sourcecode.swift; path = RatingModuleTests.swift; sourceTree = "<group>"; };
		47D0023923DD5AF3003A081E /* Info.plist */ = {isa = PBXFileReference; lastKnownFileType = text.plist.xml; path = Info.plist; sourceTree = "<group>"; };
		47D0023E23DD5AF3003A081E /* RatingModuleUITests.xctest */ = {isa = PBXFileReference; explicitFileType = wrapper.cfbundle; includeInIndex = 0; path = RatingModuleUITests.xctest; sourceTree = BUILT_PRODUCTS_DIR; };
		47D0024223DD5AF3003A081E /* RatingModuleUITests.swift */ = {isa = PBXFileReference; lastKnownFileType = sourcecode.swift; path = RatingModuleUITests.swift; sourceTree = "<group>"; };
		47D0024423DD5AF3003A081E /* Info.plist */ = {isa = PBXFileReference; lastKnownFileType = text.plist.xml; path = Info.plist; sourceTree = "<group>"; };
		47D0025523DD6576003A081E /* RatingRespository.swift */ = {isa = PBXFileReference; lastKnownFileType = sourcecode.swift; path = RatingRespository.swift; sourceTree = "<group>"; };
		47D0025723DD65B9003A081E /* DataManager.swift */ = {isa = PBXFileReference; lastKnownFileType = sourcecode.swift; path = DataManager.swift; sourceTree = "<group>"; };
		47D0025A23DD6615003A081E /* MockResponseCodable.swift */ = {isa = PBXFileReference; lastKnownFileType = sourcecode.swift; path = MockResponseCodable.swift; sourceTree = "<group>"; };
		47D0025C23DD6635003A081E /* AppConstant.swift */ = {isa = PBXFileReference; lastKnownFileType = sourcecode.swift; path = AppConstant.swift; sourceTree = "<group>"; };
		47D0026B23DD6BA0003A081E /* data.json */ = {isa = PBXFileReference; lastKnownFileType = text.json; path = data.json; sourceTree = "<group>"; };
		47D0026F23DD6E64003A081E /* DisplayRatingDetail.swift */ = {isa = PBXFileReference; lastKnownFileType = sourcecode.swift; path = DisplayRatingDetail.swift; sourceTree = "<group>"; };
		47D0027923DD6F68003A081E /* RatingsViewModel.swift */ = {isa = PBXFileReference; lastKnownFileType = sourcecode.swift; path = RatingsViewModel.swift; sourceTree = "<group>"; };
		47D0027B23DD6FBC003A081E /* RatingsResponse.swift */ = {isa = PBXFileReference; lastKnownFileType = sourcecode.swift; path = RatingsResponse.swift; sourceTree = "<group>"; };
		47D0027D23DD7203003A081E /* ResponseModel.swift */ = {isa = PBXFileReference; lastKnownFileType = sourcecode.swift; path = ResponseModel.swift; sourceTree = "<group>"; };
		47D0027F23DD73DC003A081E /* DataModel.swift */ = {isa = PBXFileReference; lastKnownFileType = sourcecode.swift; path = DataModel.swift; sourceTree = "<group>"; };
		47D0028123DD73EE003A081E /* AnalyticsModel.swift */ = {isa = PBXFileReference; lastKnownFileType = sourcecode.swift; path = AnalyticsModel.swift; sourceTree = "<group>"; };
		47D0028323DD7704003A081E /* Job.swift */ = {isa = PBXFileReference; lastKnownFileType = sourcecode.swift; path = Job.swift; sourceTree = "<group>"; };
		47D0028523DD77B9003A081E /* JobItem.swift */ = {isa = PBXFileReference; lastKnownFileType = sourcecode.swift; path = JobItem.swift; sourceTree = "<group>"; };
		47D0028723DD7A3A003A081E /* AnalyticalRating.swift */ = {isa = PBXFileReference; lastKnownFileType = sourcecode.swift; path = AnalyticalRating.swift; sourceTree = "<group>"; };
		47D0028923DD7B30003A081E /* AnalyticalRatingItem.swift */ = {isa = PBXFileReference; lastKnownFileType = sourcecode.swift; path = AnalyticalRatingItem.swift; sourceTree = "<group>"; };
		47D0029023DD7EC5003A081E /* ChartsItemDetail.swift */ = {isa = PBXFileReference; lastKnownFileType = sourcecode.swift; path = ChartsItemDetail.swift; sourceTree = "<group>"; };
		47D0029223DD7F3F003A081E /* Value.swift */ = {isa = PBXFileReference; lastKnownFileType = sourcecode.swift; path = Value.swift; sourceTree = "<group>"; };
		47D0029423DD8065003A081E /* ChartItems.swift */ = {isa = PBXFileReference; lastKnownFileType = sourcecode.swift; path = ChartItems.swift; sourceTree = "<group>"; };
/* End PBXFileReference section */

/* Begin PBXFrameworksBuildPhase section */
		47D0021A23DD5AF0003A081E /* Frameworks */ = {
			isa = PBXFrameworksBuildPhase;
			buildActionMask = 2147483647;
			files = (
			);
			runOnlyForDeploymentPostprocessing = 0;
		};
		47D0023023DD5AF3003A081E /* Frameworks */ = {
			isa = PBXFrameworksBuildPhase;
			buildActionMask = 2147483647;
			files = (
			);
			runOnlyForDeploymentPostprocessing = 0;
		};
		47D0023B23DD5AF3003A081E /* Frameworks */ = {
			isa = PBXFrameworksBuildPhase;
			buildActionMask = 2147483647;
			files = (
			);
			runOnlyForDeploymentPostprocessing = 0;
		};
/* End PBXFrameworksBuildPhase section */

/* Begin PBXGroup section */
		47D0021423DD5AF0003A081E = {
			isa = PBXGroup;
			children = (
				47D0021F23DD5AF0003A081E /* RatingModule */,
				47D0023623DD5AF3003A081E /* RatingModuleTests */,
				47D0024123DD5AF3003A081E /* RatingModuleUITests */,
				47D0021E23DD5AF0003A081E /* Products */,
			);
			sourceTree = "<group>";
		};
		47D0021E23DD5AF0003A081E /* Products */ = {
			isa = PBXGroup;
			children = (
				47D0021D23DD5AF0003A081E /* RatingModule.app */,
				47D0023323DD5AF3003A081E /* RatingModuleTests.xctest */,
				47D0023E23DD5AF3003A081E /* RatingModuleUITests.xctest */,
			);
			name = Products;
			sourceTree = "<group>";
		};
		47D0021F23DD5AF0003A081E /* RatingModule */ = {
			isa = PBXGroup;
			children = (
				47D0025223DD6517003A081E /* Adaptors */,
				47D0025023DD64F5003A081E /* Application */,
				47D0025123DD650B003A081E /* General */,
				47D0026E23DD6E34003A081E /* Interactors */,
				47D0027123DD6E7A003A081E /* Models */,
				47D0027223DD6E8C003A081E /* ViewModels */,
				47D0027323DD6EAD003A081E /* Views */,
				47D0025E23DD6651003A081E /* Resources */,
				47D0022E23DD5AF2003A081E /* Info.plist */,
			);
			path = RatingModule;
			sourceTree = "<group>";
		};
		47D0023623DD5AF3003A081E /* RatingModuleTests */ = {
			isa = PBXGroup;
			children = (
				47D0027423DD6EEE003A081E /* Mock */,
				47D0027523DD6EF8003A081E /* Models */,
				47D0027623DD6EFE003A081E /* Interactors */,
				47D0027723DD6F08003A081E /* Repositories */,
				47D0027823DD6F16003A081E /* ViewModels */,
				47D0023723DD5AF3003A081E /* RatingModuleTests.swift */,
				47D0023923DD5AF3003A081E /* Info.plist */,
			);
			path = RatingModuleTests;
			sourceTree = "<group>";
		};
		47D0024123DD5AF3003A081E /* RatingModuleUITests */ = {
			isa = PBXGroup;
			children = (
				47D0024223DD5AF3003A081E /* RatingModuleUITests.swift */,
				47D0024423DD5AF3003A081E /* Info.plist */,
			);
			path = RatingModuleUITests;
			sourceTree = "<group>";
		};
		47D0025023DD64F5003A081E /* Application */ = {
			isa = PBXGroup;
			children = (
				47D0022023DD5AF1003A081E /* AppDelegate.swift */,
				47D0022223DD5AF1003A081E /* SceneDelegate.swift */,
			);
			path = Application;
			sourceTree = "<group>";
		};
		47D0025123DD650B003A081E /* General */ = {
			isa = PBXGroup;
			children = (
				47D0025C23DD6635003A081E /* AppConstant.swift */,
			);
			path = General;
			sourceTree = "<group>";
		};
		47D0025223DD6517003A081E /* Adaptors */ = {
			isa = PBXGroup;
			children = (
				47D0025423DD6546003A081E /* Repositories */,
				47D0025323DD6536003A081E /* Services */,
			);
			path = Adaptors;
			sourceTree = "<group>";
		};
		47D0025323DD6536003A081E /* Services */ = {
			isa = PBXGroup;
			children = (
				47D0025923DD65CB003A081E /* DataManager */,
			);
			path = Services;
			sourceTree = "<group>";
		};
		47D0025423DD6546003A081E /* Repositories */ = {
			isa = PBXGroup;
			children = (
				47D0025523DD6576003A081E /* RatingRespository.swift */,
			);
			path = Repositories;
			sourceTree = "<group>";
		};
		47D0025923DD65CB003A081E /* DataManager */ = {
			isa = PBXGroup;
			children = (
				47D0025723DD65B9003A081E /* DataManager.swift */,
				47D0025A23DD6615003A081E /* MockResponseCodable.swift */,
			);
			path = DataManager;
			sourceTree = "<group>";
		};
		47D0025E23DD6651003A081E /* Resources */ = {
			isa = PBXGroup;
			children = (
				47D0026D23DD6DD9003A081E /* Assets */,
				47D0026B23DD6BA0003A081E /* data.json */,
				47D0022B23DD5AF2003A081E /* LaunchScreen.storyboard */,
			);
			path = Resources;
			sourceTree = "<group>";
		};
		47D0026D23DD6DD9003A081E /* Assets */ = {
			isa = PBXGroup;
			children = (
				47D0022923DD5AF2003A081E /* Assets.xcassets */,
			);
			path = Assets;
			sourceTree = "<group>";
		};
		47D0026E23DD6E34003A081E /* Interactors */ = {
			isa = PBXGroup;
			children = (
				47D0026F23DD6E64003A081E /* DisplayRatingDetail.swift */,
			);
			path = Interactors;
			sourceTree = "<group>";
		};
		47D0027123DD6E7A003A081E /* Models */ = {
			isa = PBXGroup;
			children = (
				47D0027B23DD6FBC003A081E /* RatingsResponse.swift */,
				47D0027D23DD7203003A081E /* ResponseModel.swift */,
				47D0027F23DD73DC003A081E /* DataModel.swift */,
				47D0028B23DD7DBE003A081E /* Analytics */,
			);
			path = Models;
			sourceTree = "<group>";
		};
		47D0027223DD6E8C003A081E /* ViewModels */ = {
			isa = PBXGroup;
			children = (
				47D0027923DD6F68003A081E /* RatingsViewModel.swift */,
			);
			path = ViewModels;
			sourceTree = "<group>";
		};
		47D0027323DD6EAD003A081E /* Views */ = {
			isa = PBXGroup;
			children = (
				47D0022623DD5AF1003A081E /* Main.storyboard */,
				47D0022423DD5AF1003A081E /* RatingsViewController.swift */,
			);
			path = Views;
			sourceTree = "<group>";
		};
		47D0027423DD6EEE003A081E /* Mock */ = {
			isa = PBXGroup;
			children = (
			);
			path = Mock;
			sourceTree = "<group>";
		};
		47D0027523DD6EF8003A081E /* Models */ = {
			isa = PBXGroup;
			children = (
			);
			path = Models;
			sourceTree = "<group>";
		};
		47D0027623DD6EFE003A081E /* Interactors */ = {
			isa = PBXGroup;
			children = (
			);
			path = Interactors;
			sourceTree = "<group>";
		};
		47D0027723DD6F08003A081E /* Repositories */ = {
			isa = PBXGroup;
			children = (
			);
			path = Repositories;
			sourceTree = "<group>";
		};
		47D0027823DD6F16003A081E /* ViewModels */ = {
			isa = PBXGroup;
			children = (
			);
			path = ViewModels;
			sourceTree = "<group>";
		};
		47D0028B23DD7DBE003A081E /* Analytics */ = {
			isa = PBXGroup;
			children = (
				47D0028123DD73EE003A081E /* AnalyticsModel.swift */,
				47D0028C23DD7DD4003A081E /* Job & Service */,
				47D0028E23DD7E2A003A081E /* LineCharts and PieCharts */,
				47D0028D23DD7E05003A081E /* Rating */,
			);
			path = Analytics;
			sourceTree = "<group>";
		};
		47D0028C23DD7DD4003A081E /* Job & Service */ = {
			isa = PBXGroup;
			children = (
				47D0028323DD7704003A081E /* Job.swift */,
				47D0028523DD77B9003A081E /* JobItem.swift */,
			);
			path = "Job & Service";
			sourceTree = "<group>";
		};
		47D0028D23DD7E05003A081E /* Rating */ = {
			isa = PBXGroup;
			children = (
				47D0028923DD7B30003A081E /* AnalyticalRatingItem.swift */,
				47D0028723DD7A3A003A081E /* AnalyticalRating.swift */,
			);
			path = Rating;
			sourceTree = "<group>";
		};
		47D0028E23DD7E2A003A081E /* LineCharts and PieCharts */ = {
			isa = PBXGroup;
			children = (
				47D0029023DD7EC5003A081E /* ChartsItemDetail.swift */,
				47D0029223DD7F3F003A081E /* Value.swift */,
				47D0029423DD8065003A081E /* ChartItems.swift */,
				4746089D23DE8A6900320E5D /* PieChartItems.swift */,
				4746089B23DE897C00320E5D /* PieChartItemDetail.swift */,
			);
			path = "LineCharts and PieCharts";
			sourceTree = "<group>";
		};
/* End PBXGroup section */

/* Begin PBXNativeTarget section */
		47D0021C23DD5AF0003A081E /* RatingModule */ = {
			isa = PBXNativeTarget;
			buildConfigurationList = 47D0024723DD5AF3003A081E /* Build configuration list for PBXNativeTarget "RatingModule" */;
			buildPhases = (
				47D0021923DD5AF0003A081E /* Sources */,
				47D0021A23DD5AF0003A081E /* Frameworks */,
				47D0021B23DD5AF0003A081E /* Resources */,
			);
			buildRules = (
			);
			dependencies = (
			);
			name = RatingModule;
			productName = RatingModule;
			productReference = 47D0021D23DD5AF0003A081E /* RatingModule.app */;
			productType = "com.apple.product-type.application";
		};
		47D0023223DD5AF3003A081E /* RatingModuleTests */ = {
			isa = PBXNativeTarget;
			buildConfigurationList = 47D0024A23DD5AF3003A081E /* Build configuration list for PBXNativeTarget "RatingModuleTests" */;
			buildPhases = (
				47D0022F23DD5AF3003A081E /* Sources */,
				47D0023023DD5AF3003A081E /* Frameworks */,
				47D0023123DD5AF3003A081E /* Resources */,
			);
			buildRules = (
			);
			dependencies = (
				47D0023523DD5AF3003A081E /* PBXTargetDependency */,
			);
			name = RatingModuleTests;
			productName = RatingModuleTests;
			productReference = 47D0023323DD5AF3003A081E /* RatingModuleTests.xctest */;
			productType = "com.apple.product-type.bundle.unit-test";
		};
		47D0023D23DD5AF3003A081E /* RatingModuleUITests */ = {
			isa = PBXNativeTarget;
			buildConfigurationList = 47D0024D23DD5AF3003A081E /* Build configuration list for PBXNativeTarget "RatingModuleUITests" */;
			buildPhases = (
				47D0023A23DD5AF3003A081E /* Sources */,
				47D0023B23DD5AF3003A081E /* Frameworks */,
				47D0023C23DD5AF3003A081E /* Resources */,
			);
			buildRules = (
			);
			dependencies = (
				47D0024023DD5AF3003A081E /* PBXTargetDependency */,
			);
			name = RatingModuleUITests;
			productName = RatingModuleUITests;
			productReference = 47D0023E23DD5AF3003A081E /* RatingModuleUITests.xctest */;
			productType = "com.apple.product-type.bundle.ui-testing";
		};
/* End PBXNativeTarget section */

/* Begin PBXProject section */
		47D0021523DD5AF0003A081E /* Project object */ = {
			isa = PBXProject;
			attributes = {
				LastSwiftUpdateCheck = 1130;
				LastUpgradeCheck = 1130;
				ORGANIZATIONNAME = "Ajay Lather";
				TargetAttributes = {
					47D0021C23DD5AF0003A081E = {
						CreatedOnToolsVersion = 11.3.1;
					};
					47D0023223DD5AF3003A081E = {
						CreatedOnToolsVersion = 11.3.1;
						TestTargetID = 47D0021C23DD5AF0003A081E;
					};
					47D0023D23DD5AF3003A081E = {
						CreatedOnToolsVersion = 11.3.1;
						TestTargetID = 47D0021C23DD5AF0003A081E;
					};
				};
			};
			buildConfigurationList = 47D0021823DD5AF0003A081E /* Build configuration list for PBXProject "RatingModule" */;
			compatibilityVersion = "Xcode 9.3";
			developmentRegion = en;
			hasScannedForEncodings = 0;
			knownRegions = (
				en,
				Base,
			);
			mainGroup = 47D0021423DD5AF0003A081E;
			productRefGroup = 47D0021E23DD5AF0003A081E /* Products */;
			projectDirPath = "";
			projectRoot = "";
			targets = (
				47D0021C23DD5AF0003A081E /* RatingModule */,
				47D0023223DD5AF3003A081E /* RatingModuleTests */,
				47D0023D23DD5AF3003A081E /* RatingModuleUITests */,
			);
		};
/* End PBXProject section */

/* Begin PBXResourcesBuildPhase section */
		47D0021B23DD5AF0003A081E /* Resources */ = {
			isa = PBXResourcesBuildPhase;
			buildActionMask = 2147483647;
			files = (
				47D0022D23DD5AF2003A081E /* LaunchScreen.storyboard in Resources */,
				47D0026C23DD6BA0003A081E /* data.json in Resources */,
				47D0022A23DD5AF2003A081E /* Assets.xcassets in Resources */,
				47D0022823DD5AF1003A081E /* Main.storyboard in Resources */,
			);
			runOnlyForDeploymentPostprocessing = 0;
		};
		47D0023123DD5AF3003A081E /* Resources */ = {
			isa = PBXResourcesBuildPhase;
			buildActionMask = 2147483647;
			files = (
			);
			runOnlyForDeploymentPostprocessing = 0;
		};
		47D0023C23DD5AF3003A081E /* Resources */ = {
			isa = PBXResourcesBuildPhase;
			buildActionMask = 2147483647;
			files = (
			);
			runOnlyForDeploymentPostprocessing = 0;
		};
/* End PBXResourcesBuildPhase section */

/* Begin PBXSourcesBuildPhase section */
		47D0021923DD5AF0003A081E /* Sources */ = {
			isa = PBXSourcesBuildPhase;
			buildActionMask = 2147483647;
			files = (
				47D0029123DD7EC5003A081E /* ChartsItemDetail.swift in Sources */,
				47D0022523DD5AF1003A081E /* RatingsViewController.swift in Sources */,
				47D0028223DD73EE003A081E /* AnalyticsModel.swift in Sources */,
				47D0025B23DD6615003A081E /* MockResponseCodable.swift in Sources */,
				47D0025D23DD6635003A081E /* AppConstant.swift in Sources */,
				47D0027A23DD6F68003A081E /* RatingsViewModel.swift in Sources */,
				47D0028423DD7704003A081E /* Job.swift in Sources */,
				4746089C23DE897C00320E5D /* PieChartItemDetail.swift in Sources */,
				47D0025823DD65B9003A081E /* DataManager.swift in Sources */,
				47D0028023DD73DC003A081E /* DataModel.swift in Sources */,
				47D0028823DD7A3A003A081E /* AnalyticalRating.swift in Sources */,
				47D0022123DD5AF1003A081E /* AppDelegate.swift in Sources */,
				47D0027023DD6E64003A081E /* DisplayRatingDetail.swift in Sources */,
				47D0025623DD6576003A081E /* RatingRespository.swift in Sources */,
				47D0027C23DD6FBC003A081E /* RatingsResponse.swift in Sources */,
				47D0022323DD5AF1003A081E /* SceneDelegate.swift in Sources */,
				47D0029323DD7F3F003A081E /* Value.swift in Sources */,
				47D0028623DD77B9003A081E /* JobItem.swift in Sources */,
				47D0027E23DD7203003A081E /* ResponseModel.swift in Sources */,
				47D0028A23DD7B30003A081E /* AnalyticalRatingItem.swift in Sources */,
				4746089E23DE8A6900320E5D /* PieChartItems.swift in Sources */,
				47D0029523DD8065003A081E /* ChartItems.swift in Sources */,
			);
			runOnlyForDeploymentPostprocessing = 0;
		};
		47D0022F23DD5AF3003A081E /* Sources */ = {
			isa = PBXSourcesBuildPhase;
			buildActionMask = 2147483647;
			files = (
				47D0023823DD5AF3003A081E /* RatingModuleTests.swift in Sources */,
			);
			runOnlyForDeploymentPostprocessing = 0;
		};
		47D0023A23DD5AF3003A081E /* Sources */ = {
			isa = PBXSourcesBuildPhase;
			buildActionMask = 2147483647;
			files = (
				47D0024323DD5AF3003A081E /* RatingModuleUITests.swift in Sources */,
			);
			runOnlyForDeploymentPostprocessing = 0;
		};
/* End PBXSourcesBuildPhase section */

/* Begin PBXTargetDependency section */
		47D0023523DD5AF3003A081E /* PBXTargetDependency */ = {
			isa = PBXTargetDependency;
			target = 47D0021C23DD5AF0003A081E /* RatingModule */;
			targetProxy = 47D0023423DD5AF3003A081E /* PBXContainerItemProxy */;
		};
		47D0024023DD5AF3003A081E /* PBXTargetDependency */ = {
			isa = PBXTargetDependency;
			target = 47D0021C23DD5AF0003A081E /* RatingModule */;
			targetProxy = 47D0023F23DD5AF3003A081E /* PBXContainerItemProxy */;
		};
/* End PBXTargetDependency section */

/* Begin PBXVariantGroup section */
		47D0022623DD5AF1003A081E /* Main.storyboard */ = {
			isa = PBXVariantGroup;
			children = (
				47D0022723DD5AF1003A081E /* Base */,
			);
			name = Main.storyboard;
			sourceTree = "<group>";
		};
		47D0022B23DD5AF2003A081E /* LaunchScreen.storyboard */ = {
			isa = PBXVariantGroup;
			children = (
				47D0022C23DD5AF2003A081E /* Base */,
			);
			name = LaunchScreen.storyboard;
			sourceTree = "<group>";
		};
/* End PBXVariantGroup section */

/* Begin XCBuildConfiguration section */
		47D0024523DD5AF3003A081E /* Debug */ = {
			isa = XCBuildConfiguration;
			buildSettings = {
				ALWAYS_SEARCH_USER_PATHS = NO;
				CLANG_ANALYZER_NONNULL = YES;
				CLANG_ANALYZER_NUMBER_OBJECT_CONVERSION = YES_AGGRESSIVE;
				CLANG_CXX_LANGUAGE_STANDARD = "gnu++14";
				CLANG_CXX_LIBRARY = "libc++";
				CLANG_ENABLE_MODULES = YES;
				CLANG_ENABLE_OBJC_ARC = YES;
				CLANG_ENABLE_OBJC_WEAK = YES;
				CLANG_WARN_BLOCK_CAPTURE_AUTORELEASING = YES;
				CLANG_WARN_BOOL_CONVERSION = YES;
				CLANG_WARN_COMMA = YES;
				CLANG_WARN_CONSTANT_CONVERSION = YES;
				CLANG_WARN_DEPRECATED_OBJC_IMPLEMENTATIONS = YES;
				CLANG_WARN_DIRECT_OBJC_ISA_USAGE = YES_ERROR;
				CLANG_WARN_DOCUMENTATION_COMMENTS = YES;
				CLANG_WARN_EMPTY_BODY = YES;
				CLANG_WARN_ENUM_CONVERSION = YES;
				CLANG_WARN_INFINITE_RECURSION = YES;
				CLANG_WARN_INT_CONVERSION = YES;
				CLANG_WARN_NON_LITERAL_NULL_CONVERSION = YES;
				CLANG_WARN_OBJC_IMPLICIT_RETAIN_SELF = YES;
				CLANG_WARN_OBJC_LITERAL_CONVERSION = YES;
				CLANG_WARN_OBJC_ROOT_CLASS = YES_ERROR;
				CLANG_WARN_RANGE_LOOP_ANALYSIS = YES;
				CLANG_WARN_STRICT_PROTOTYPES = YES;
				CLANG_WARN_SUSPICIOUS_MOVE = YES;
				CLANG_WARN_UNGUARDED_AVAILABILITY = YES_AGGRESSIVE;
				CLANG_WARN_UNREACHABLE_CODE = YES;
				CLANG_WARN__DUPLICATE_METHOD_MATCH = YES;
				COPY_PHASE_STRIP = NO;
				DEBUG_INFORMATION_FORMAT = dwarf;
				ENABLE_STRICT_OBJC_MSGSEND = YES;
				ENABLE_TESTABILITY = YES;
				GCC_C_LANGUAGE_STANDARD = gnu11;
				GCC_DYNAMIC_NO_PIC = NO;
				GCC_NO_COMMON_BLOCKS = YES;
				GCC_OPTIMIZATION_LEVEL = 0;
				GCC_PREPROCESSOR_DEFINITIONS = (
					"DEBUG=1",
					"$(inherited)",
				);
				GCC_WARN_64_TO_32_BIT_CONVERSION = YES;
				GCC_WARN_ABOUT_RETURN_TYPE = YES_ERROR;
				GCC_WARN_UNDECLARED_SELECTOR = YES;
				GCC_WARN_UNINITIALIZED_AUTOS = YES_AGGRESSIVE;
				GCC_WARN_UNUSED_FUNCTION = YES;
				GCC_WARN_UNUSED_VARIABLE = YES;
				IPHONEOS_DEPLOYMENT_TARGET = 13.2;
				MTL_ENABLE_DEBUG_INFO = INCLUDE_SOURCE;
				MTL_FAST_MATH = YES;
				ONLY_ACTIVE_ARCH = YES;
				SDKROOT = iphoneos;
				SWIFT_ACTIVE_COMPILATION_CONDITIONS = DEBUG;
				SWIFT_OPTIMIZATION_LEVEL = "-Onone";
			};
			name = Debug;
		};
		47D0024623DD5AF3003A081E /* Release */ = {
			isa = XCBuildConfiguration;
			buildSettings = {
				ALWAYS_SEARCH_USER_PATHS = NO;
				CLANG_ANALYZER_NONNULL = YES;
				CLANG_ANALYZER_NUMBER_OBJECT_CONVERSION = YES_AGGRESSIVE;
				CLANG_CXX_LANGUAGE_STANDARD = "gnu++14";
				CLANG_CXX_LIBRARY = "libc++";
				CLANG_ENABLE_MODULES = YES;
				CLANG_ENABLE_OBJC_ARC = YES;
				CLANG_ENABLE_OBJC_WEAK = YES;
				CLANG_WARN_BLOCK_CAPTURE_AUTORELEASING = YES;
				CLANG_WARN_BOOL_CONVERSION = YES;
				CLANG_WARN_COMMA = YES;
				CLANG_WARN_CONSTANT_CONVERSION = YES;
				CLANG_WARN_DEPRECATED_OBJC_IMPLEMENTATIONS = YES;
				CLANG_WARN_DIRECT_OBJC_ISA_USAGE = YES_ERROR;
				CLANG_WARN_DOCUMENTATION_COMMENTS = YES;
				CLANG_WARN_EMPTY_BODY = YES;
				CLANG_WARN_ENUM_CONVERSION = YES;
				CLANG_WARN_INFINITE_RECURSION = YES;
				CLANG_WARN_INT_CONVERSION = YES;
				CLANG_WARN_NON_LITERAL_NULL_CONVERSION = YES;
				CLANG_WARN_OBJC_IMPLICIT_RETAIN_SELF = YES;
				CLANG_WARN_OBJC_LITERAL_CONVERSION = YES;
				CLANG_WARN_OBJC_ROOT_CLASS = YES_ERROR;
				CLANG_WARN_RANGE_LOOP_ANALYSIS = YES;
				CLANG_WARN_STRICT_PROTOTYPES = YES;
				CLANG_WARN_SUSPICIOUS_MOVE = YES;
				CLANG_WARN_UNGUARDED_AVAILABILITY = YES_AGGRESSIVE;
				CLANG_WARN_UNREACHABLE_CODE = YES;
				CLANG_WARN__DUPLICATE_METHOD_MATCH = YES;
				COPY_PHASE_STRIP = NO;
				DEBUG_INFORMATION_FORMAT = "dwarf-with-dsym";
				ENABLE_NS_ASSERTIONS = NO;
				ENABLE_STRICT_OBJC_MSGSEND = YES;
				GCC_C_LANGUAGE_STANDARD = gnu11;
				GCC_NO_COMMON_BLOCKS = YES;
				GCC_WARN_64_TO_32_BIT_CONVERSION = YES;
				GCC_WARN_ABOUT_RETURN_TYPE = YES_ERROR;
				GCC_WARN_UNDECLARED_SELECTOR = YES;
				GCC_WARN_UNINITIALIZED_AUTOS = YES_AGGRESSIVE;
				GCC_WARN_UNUSED_FUNCTION = YES;
				GCC_WARN_UNUSED_VARIABLE = YES;
				IPHONEOS_DEPLOYMENT_TARGET = 13.2;
				MTL_ENABLE_DEBUG_INFO = NO;
				MTL_FAST_MATH = YES;
				SDKROOT = iphoneos;
				SWIFT_COMPILATION_MODE = wholemodule;
				SWIFT_OPTIMIZATION_LEVEL = "-O";
				VALIDATE_PRODUCT = YES;
			};
			name = Release;
		};
		47D0024823DD5AF3003A081E /* Debug */ = {
			isa = XCBuildConfiguration;
			buildSettings = {
				ASSETCATALOG_COMPILER_APPICON_NAME = AppIcon;
				CODE_SIGN_STYLE = Automatic;
				DEVELOPMENT_TEAM = RB29W73W6R;
				INFOPLIST_FILE = RatingModule/Info.plist;
				LD_RUNPATH_SEARCH_PATHS = (
					"$(inherited)",
					"@executable_path/Frameworks",
				);
				PRODUCT_BUNDLE_IDENTIFIER = com.hungryloin.RatingModule;
				PRODUCT_NAME = "$(TARGET_NAME)";
				SWIFT_VERSION = 5.0;
				TARGETED_DEVICE_FAMILY = "1,2";
			};
			name = Debug;
		};
		47D0024923DD5AF3003A081E /* Release */ = {
			isa = XCBuildConfiguration;
			buildSettings = {
				ASSETCATALOG_COMPILER_APPICON_NAME = AppIcon;
				CODE_SIGN_STYLE = Automatic;
				DEVELOPMENT_TEAM = RB29W73W6R;
				INFOPLIST_FILE = RatingModule/Info.plist;
				LD_RUNPATH_SEARCH_PATHS = (
					"$(inherited)",
					"@executable_path/Frameworks",
				);
				PRODUCT_BUNDLE_IDENTIFIER = com.hungryloin.RatingModule;
				PRODUCT_NAME = "$(TARGET_NAME)";
				SWIFT_VERSION = 5.0;
				TARGETED_DEVICE_FAMILY = "1,2";
			};
			name = Release;
		};
		47D0024B23DD5AF3003A081E /* Debug */ = {
			isa = XCBuildConfiguration;
			buildSettings = {
				ALWAYS_EMBED_SWIFT_STANDARD_LIBRARIES = YES;
				BUNDLE_LOADER = "$(TEST_HOST)";
				CODE_SIGN_STYLE = Automatic;
				DEVELOPMENT_TEAM = RB29W73W6R;
				INFOPLIST_FILE = RatingModuleTests/Info.plist;
				IPHONEOS_DEPLOYMENT_TARGET = 13.2;
				LD_RUNPATH_SEARCH_PATHS = (
					"$(inherited)",
					"@executable_path/Frameworks",
					"@loader_path/Frameworks",
				);
				PRODUCT_BUNDLE_IDENTIFIER = com.hungryloin.RatingModuleTests;
				PRODUCT_NAME = "$(TARGET_NAME)";
				SWIFT_VERSION = 5.0;
				TARGETED_DEVICE_FAMILY = "1,2";
				TEST_HOST = "$(BUILT_PRODUCTS_DIR)/RatingModule.app/RatingModule";
			};
			name = Debug;
		};
		47D0024C23DD5AF3003A081E /* Release */ = {
			isa = XCBuildConfiguration;
			buildSettings = {
				ALWAYS_EMBED_SWIFT_STANDARD_LIBRARIES = YES;
				BUNDLE_LOADER = "$(TEST_HOST)";
				CODE_SIGN_STYLE = Automatic;
				DEVELOPMENT_TEAM = RB29W73W6R;
				INFOPLIST_FILE = RatingModuleTests/Info.plist;
				IPHONEOS_DEPLOYMENT_TARGET = 13.2;
				LD_RUNPATH_SEARCH_PATHS = (
					"$(inherited)",
					"@executable_path/Frameworks",
					"@loader_path/Frameworks",
				);
				PRODUCT_BUNDLE_IDENTIFIER = com.hungryloin.RatingModuleTests;
				PRODUCT_NAME = "$(TARGET_NAME)";
				SWIFT_VERSION = 5.0;
				TARGETED_DEVICE_FAMILY = "1,2";
				TEST_HOST = "$(BUILT_PRODUCTS_DIR)/RatingModule.app/RatingModule";
			};
			name = Release;
		};
		47D0024E23DD5AF3003A081E /* Debug */ = {
			isa = XCBuildConfiguration;
			buildSettings = {
				ALWAYS_EMBED_SWIFT_STANDARD_LIBRARIES = YES;
				CODE_SIGN_STYLE = Automatic;
				DEVELOPMENT_TEAM = RB29W73W6R;
				INFOPLIST_FILE = RatingModuleUITests/Info.plist;
				LD_RUNPATH_SEARCH_PATHS = (
					"$(inherited)",
					"@executable_path/Frameworks",
					"@loader_path/Frameworks",
				);
				PRODUCT_BUNDLE_IDENTIFIER = com.hungryloin.RatingModuleUITests;
				PRODUCT_NAME = "$(TARGET_NAME)";
				SWIFT_VERSION = 5.0;
				TARGETED_DEVICE_FAMILY = "1,2";
				TEST_TARGET_NAME = RatingModule;
			};
			name = Debug;
		};
		47D0024F23DD5AF3003A081E /* Release */ = {
			isa = XCBuildConfiguration;
			buildSettings = {
				ALWAYS_EMBED_SWIFT_STANDARD_LIBRARIES = YES;
				CODE_SIGN_STYLE = Automatic;
				DEVELOPMENT_TEAM = RB29W73W6R;
				INFOPLIST_FILE = RatingModuleUITests/Info.plist;
				LD_RUNPATH_SEARCH_PATHS = (
					"$(inherited)",
					"@executable_path/Frameworks",
					"@loader_path/Frameworks",
				);
				PRODUCT_BUNDLE_IDENTIFIER = com.hungryloin.RatingModuleUITests;
				PRODUCT_NAME = "$(TARGET_NAME)";
				SWIFT_VERSION = 5.0;
				TARGETED_DEVICE_FAMILY = "1,2";
				TEST_TARGET_NAME = RatingModule;
			};
			name = Release;
		};
/* End XCBuildConfiguration section */

/* Begin XCConfigurationList section */
		47D0021823DD5AF0003A081E /* Build configuration list for PBXProject "RatingModule" */ = {
			isa = XCConfigurationList;
			buildConfigurations = (
				47D0024523DD5AF3003A081E /* Debug */,
				47D0024623DD5AF3003A081E /* Release */,
			);
			defaultConfigurationIsVisible = 0;
			defaultConfigurationName = Release;
		};
		47D0024723DD5AF3003A081E /* Build configuration list for PBXNativeTarget "RatingModule" */ = {
			isa = XCConfigurationList;
			buildConfigurations = (
				47D0024823DD5AF3003A081E /* Debug */,
				47D0024923DD5AF3003A081E /* Release */,
			);
			defaultConfigurationIsVisible = 0;
			defaultConfigurationName = Release;
		};
		47D0024A23DD5AF3003A081E /* Build configuration list for PBXNativeTarget "RatingModuleTests" */ = {
			isa = XCConfigurationList;
			buildConfigurations = (
				47D0024B23DD5AF3003A081E /* Debug */,
				47D0024C23DD5AF3003A081E /* Release */,
			);
			defaultConfigurationIsVisible = 0;
			defaultConfigurationName = Release;
		};
		47D0024D23DD5AF3003A081E /* Build configuration list for PBXNativeTarget "RatingModuleUITests" */ = {
			isa = XCConfigurationList;
			buildConfigurations = (
				47D0024E23DD5AF3003A081E /* Debug */,
				47D0024F23DD5AF3003A081E /* Release */,
			);
			defaultConfigurationIsVisible = 0;
			defaultConfigurationName = Release;
		};
/* End XCConfigurationList section */
	};
	rootObject = 47D0021523DD5AF0003A081E /* Project object */;
}
